Microsoft Visual Studio Solution File, Format Version 12.00
# Visual Studio 15
VisualStudioVersion = 15.0.26730.12
MinimumVisualStudioVersion = 10.0.40219.1
Project("{8BC9CEB8-8B4A-11D0-8D11-00A0C91BC942}") = "Toppler", "Toppler.vcxproj", "{1EF739A7-38BE-4D05-864B-7A981466F849}"
EndProject
Global
	GlobalSection(SolutionConfigurationPlatforms) = preSolution
		Debug|x86 = Debug|x86
		Release|x86 = Release|x86
	EndGlobalSection
	GlobalSection(ProjectConfigurationPlatforms) = postSolution
		{1EF739A7-38BE-4D05-864B-7A981466F849}.Debug|x86.ActiveCfg = Debug|Win32
		{1EF739A7-38BE-4D05-864B-7A981466F849}.Debug|x86.Build.0 = Debug|Win32
		{1EF739A7-38BE-4D05-864B-7A981466F849}.Release|x86.ActiveCfg = Release|Win32
		{1EF739A7-38BE-4D05-864B-7A981466F849}.Release|x86.Build.0 = Release|Win32
	EndGlobalSection
	GlobalSection(SolutionProperties) = preSolution
		HideSolutionNode = FALSE
	EndGlobalSection
	GlobalSection(ExtensibilityGlobals) = postSolution
		SolutionGuid = {C035B6F1-26EB-43ED-92B5-055041FDC7EE}
	EndGlobalSection
EndGlobal
